
Microsoft Visual Studio Solution File, Format Version 12.00
# Visual Studio Version 16
VisualStudioVersion = 16.0.31729.503
MinimumVisualStudioVersion = 10.0.40219.1
Project("{FAE04EC0-301F-11D3-BF4B-00C04F79EFBC}") = "WhiteboardCensor_UI", "WhiteboardCensor_UI\WhiteboardCensor_UI.csproj", "{027D3569-41A4-422A-BE41-3BD1D2E5484A}"
EndProject
Global
	GlobalSection(SolutionConfigurationPlatforms) = preSolution
		Debug|Any CPU = Debug|Any CPU
		Release|Any CPU = Release|Any CPU
	EndGlobalSection
	GlobalSection(ProjectConfigurationPlatforms) = postSolution
		{027D3569-41A4-422A-BE41-3BD1D2E5484A}.Debug|Any CPU.ActiveCfg = Debug|Any CPU
		{027D3569-41A4-422A-BE41-3BD1D2E5484A}.Debug|Any CPU.Build.0 = Debug|Any CPU
		{027D3569-41A4-422A-BE41-3BD1D2E5484A}.Release|Any CPU.ActiveCfg = Release|Any CPU
		{027D3569-41A4-422A-BE41-3BD1D2E5484A}.Release|Any CPU.Build.0 = Release|Any CPU
	EndGlobalSection
	GlobalSection(SolutionProperties) = preSolution
		HideSolutionNode = FALSE
	EndGlobalSection
	GlobalSection(ExtensibilityGlobals) = postSolution
		SolutionGuid = {0DA40B22-736F-4A78-99B4-149BF786D1CA}
	EndGlobalSection
EndGlobal
